
Microsoft Visual Studio Solution File, Format Version 12.00
# Visual Studio Version 16
VisualStudioVersion = 16.0.29709.97
MinimumVisualStudioVersion = 10.0.40219.1
Project("{9A19103F-16F7-4668-BE54-9A1E7A4F7556}") = "libgphoto2-sharp", "libgphoto2-sharp\libgphoto2-sharp.csproj", "{A8975F16-8BBB-413A-9EBD-60CCA01D7B43}"
EndProject
Project("{FAE04EC0-301F-11D3-BF4B-00C04F79EFBC}") = "TestConsole", "TestConsole\TestConsole.csproj", "{C7086313-F150-4A8E-923E-C9E9C77F30C3}"
EndProject
Global
	GlobalSection(SolutionConfigurationPlatforms) = preSolution
		Debug|Any CPU = Debug|Any CPU
		Debug|x64 = Debug|x64
		Debug|x86 = Debug|x86
		Release|Any CPU = Release|Any CPU
		Release|x64 = Release|x64
		Release|x86 = Release|x86
	EndGlobalSection
	GlobalSection(ProjectConfigurationPlatforms) = postSolution
		{A8975F16-8BBB-413A-9EBD-60CCA01D7B43}.Debug|Any CPU.ActiveCfg = Debug|Any CPU
		{A8975F16-8BBB-413A-9EBD-60CCA01D7B43}.Debug|Any CPU.Build.0 = Debug|Any CPU
		{A8975F16-8BBB-413A-9EBD-60CCA01D7B43}.Debug|x64.ActiveCfg = Debug|Any CPU
		{A8975F16-8BBB-413A-9EBD-60CCA01D7B43}.Debug|x64.Build.0 = Debug|Any CPU
		{A8975F16-8BBB-413A-9EBD-60CCA01D7B43}.Debug|x86.ActiveCfg = Debug|Any CPU
		{A8975F16-8BBB-413A-9EBD-60CCA01D7B43}.Debug|x86.Build.0 = Debug|Any CPU
		{A8975F16-8BBB-413A-9EBD-60CCA01D7B43}.Release|Any CPU.ActiveCfg = Release|Any CPU
		{A8975F16-8BBB-413A-9EBD-60CCA01D7B43}.Release|Any CPU.Build.0 = Release|Any CPU
		{A8975F16-8BBB-413A-9EBD-60CCA01D7B43}.Release|x64.ActiveCfg = Release|Any CPU
		{A8975F16-8BBB-413A-9EBD-60CCA01D7B43}.Release|x64.Build.0 = Release|Any CPU
		{A8975F16-8BBB-413A-9EBD-60CCA01D7B43}.Release|x86.ActiveCfg = Release|Any CPU
		{A8975F16-8BBB-413A-9EBD-60CCA01D7B43}.Release|x86.Build.0 = Release|Any CPU
		{C7086313-F150-4A8E-923E-C9E9C77F30C3}.Debug|Any CPU.ActiveCfg = Debug|Any CPU
		{C7086313-F150-4A8E-923E-C9E9C77F30C3}.Debug|Any CPU.Build.0 = Debug|Any CPU
		{C7086313-F150-4A8E-923E-C9E9C77F30C3}.Debug|x64.ActiveCfg = Debug|Any CPU
		{C7086313-F150-4A8E-923E-C9E9C77F30C3}.Debug|x64.Build.0 = Debug|Any CPU
		{C7086313-F150-4A8E-923E-C9E9C77F30C3}.Debug|x86.ActiveCfg = Debug|Any CPU
		{C7086313-F150-4A8E-923E-C9E9C77F30C3}.Debug|x86.Build.0 = Debug|Any CPU
		{C7086313-F150-4A8E-923E-C9E9C77F30C3}.Release|Any CPU.ActiveCfg = Release|Any CPU
		{C7086313-F150-4A8E-923E-C9E9C77F30C3}.Release|Any CPU.Build.0 = Release|Any CPU
		{C7086313-F150-4A8E-923E-C9E9C77F30C3}.Release|x64.ActiveCfg = Release|Any CPU
		{C7086313-F150-4A8E-923E-C9E9C77F30C3}.Release|x64.Build.0 = Release|Any CPU
		{C7086313-F150-4A8E-923E-C9E9C77F30C3}.Release|x86.ActiveCfg = Release|Any CPU
		{C7086313-F150-4A8E-923E-C9E9C77F30C3}.Release|x86.Build.0 = Release|Any CPU
	EndGlobalSection
	GlobalSection(SolutionProperties) = preSolution
		HideSolutionNode = FALSE
	EndGlobalSection
	GlobalSection(ExtensibilityGlobals) = postSolution
		SolutionGuid = {8A6366EC-8194-419B-B485-D9B006571AA9}
	EndGlobalSection
EndGlobal
